
Microsoft Visual Studio Solution File, Format Version 12.00
# Visual Studio Version 17
VisualStudioVersion = 17.5.33414.496
MinimumVisualStudioVersion = 10.0.40219.1
Project("{8BC9CEB8-8B4A-11D0-8D11-00A0C91BC942}") = "20230411_2", "20230411_2\20230411_2.vcxproj", "{8A5DFAF2-C98B-4EA5-ADCB-2916B930FDC1}"
EndProject
Global
	GlobalSection(SolutionConfigurationPlatforms) = preSolution
		Debug|x64 = Debug|x64
		Debug|x86 = Debug|x86
		Release|x64 = Release|x64
		Release|x86 = Release|x86
	EndGlobalSection
	GlobalSection(ProjectConfigurationPlatforms) = postSolution
		{8A5DFAF2-C98B-4EA5-ADCB-2916B930FDC1}.Debug|x64.ActiveCfg = Debug|x64
		{8A5DFAF2-C98B-4EA5-ADCB-2916B930FDC1}.Debug|x64.Build.0 = Debug|x64
		{8A5DFAF2-C98B-4EA5-ADCB-2916B930FDC1}.Debug|x86.ActiveCfg = Debug|Win32
		{8A5DFAF2-C98B-4EA5-ADCB-2916B930FDC1}.Debug|x86.Build.0 = Debug|Win32
		{8A5DFAF2-C98B-4EA5-ADCB-2916B930FDC1}.Release|x64.ActiveCfg = Release|x64
		{8A5DFAF2-C98B-4EA5-ADCB-2916B930FDC1}.Release|x64.Build.0 = Release|x64
		{8A5DFAF2-C98B-4EA5-ADCB-2916B930FDC1}.Release|x86.ActiveCfg = Release|Win32
		{8A5DFAF2-C98B-4EA5-ADCB-2916B930FDC1}.Release|x86.Build.0 = Release|Win32
	EndGlobalSection
	GlobalSection(SolutionProperties) = preSolution
		HideSolutionNode = FALSE
	EndGlobalSection
	GlobalSection(ExtensibilityGlobals) = postSolution
		SolutionGuid = {92315026-6DE8-48A2-BAD6-EFB6677A7289}
	EndGlobalSection
EndGlobal
