
Microsoft Visual Studio Solution File, Format Version 12.00
# Visual Studio Version 17
VisualStudioVersion = 17.5.33414.496
MinimumVisualStudioVersion = 10.0.40219.1
Project("{8BC9CEB8-8B4A-11D0-8D11-00A0C91BC942}") = "20230410_2", "20230410_2\20230410_2.vcxproj", "{9EC92EE2-9859-4DBC-BA7F-D10E50C4FC7A}"
EndProject
Global
	GlobalSection(SolutionConfigurationPlatforms) = preSolution
		Debug|x64 = Debug|x64
		Debug|x86 = Debug|x86
		Release|x64 = Release|x64
		Release|x86 = Release|x86
	EndGlobalSection
	GlobalSection(ProjectConfigurationPlatforms) = postSolution
		{9EC92EE2-9859-4DBC-BA7F-D10E50C4FC7A}.Debug|x64.ActiveCfg = Debug|x64
		{9EC92EE2-9859-4DBC-BA7F-D10E50C4FC7A}.Debug|x64.Build.0 = Debug|x64
		{9EC92EE2-9859-4DBC-BA7F-D10E50C4FC7A}.Debug|x86.ActiveCfg = Debug|Win32
		{9EC92EE2-9859-4DBC-BA7F-D10E50C4FC7A}.Debug|x86.Build.0 = Debug|Win32
		{9EC92EE2-9859-4DBC-BA7F-D10E50C4FC7A}.Release|x64.ActiveCfg = Release|x64
		{9EC92EE2-9859-4DBC-BA7F-D10E50C4FC7A}.Release|x64.Build.0 = Release|x64
		{9EC92EE2-9859-4DBC-BA7F-D10E50C4FC7A}.Release|x86.ActiveCfg = Release|Win32
		{9EC92EE2-9859-4DBC-BA7F-D10E50C4FC7A}.Release|x86.Build.0 = Release|Win32
	EndGlobalSection
	GlobalSection(SolutionProperties) = preSolution
		HideSolutionNode = FALSE
	EndGlobalSection
	GlobalSection(ExtensibilityGlobals) = postSolution
		SolutionGuid = {984F3C59-4BF3-4A78-A111-5D4A358CE97B}
	EndGlobalSection
EndGlobal
